
Microsoft Visual Studio Solution File, Format Version 12.00
# Visual Studio Version 16
VisualStudioVersion = 16.0.29509.3
MinimumVisualStudioVersion = 10.0.40219.1
Project("{FAE04EC0-301F-11D3-BF4B-00C04F79EFBC}") = "Geometry", "Geometry\Geometry.csproj", "{A8A0F74B-E849-4007-90FB-209D29A61294}"
EndProject
Project("{FAE04EC0-301F-11D3-BF4B-00C04F79EFBC}") = "PaintShop", "PaintShop\PaintShop.csproj", "{39EEFF2F-21BC-450C-8252-689C5C3A96F3}"
EndProject
Global
	GlobalSection(SolutionConfigurationPlatforms) = preSolution
		Debug|Any CPU = Debug|Any CPU
		Release|Any CPU = Release|Any CPU
	EndGlobalSection
	GlobalSection(ProjectConfigurationPlatforms) = postSolution
		{A8A0F74B-E849-4007-90FB-209D29A61294}.Debug|Any CPU.ActiveCfg = Debug|Any CPU
		{A8A0F74B-E849-4007-90FB-209D29A61294}.Debug|Any CPU.Build.0 = Debug|Any CPU
		{A8A0F74B-E849-4007-90FB-209D29A61294}.Release|Any CPU.ActiveCfg = Release|Any CPU
		{A8A0F74B-E849-4007-90FB-209D29A61294}.Release|Any CPU.Build.0 = Release|Any CPU
		{39EEFF2F-21BC-450C-8252-689C5C3A96F3}.Debug|Any CPU.ActiveCfg = Debug|Any CPU
		{39EEFF2F-21BC-450C-8252-689C5C3A96F3}.Debug|Any CPU.Build.0 = Debug|Any CPU
		{39EEFF2F-21BC-450C-8252-689C5C3A96F3}.Release|Any CPU.ActiveCfg = Release|Any CPU
		{39EEFF2F-21BC-450C-8252-689C5C3A96F3}.Release|Any CPU.Build.0 = Release|Any CPU
	EndGlobalSection
	GlobalSection(SolutionProperties) = preSolution
		HideSolutionNode = FALSE
	EndGlobalSection
	GlobalSection(ExtensibilityGlobals) = postSolution
		SolutionGuid = {600666EB-C072-48AC-92AE-F1168FFFF72E}
	EndGlobalSection
EndGlobal
